
Microsoft Visual Studio Solution File, Format Version 12.00
# Visual Studio Version 17
VisualStudioVersion = 17.9.34622.214
MinimumVisualStudioVersion = 10.0.40219.1
Project("{9A19103F-16F7-4668-BE54-9A1E7A4F7556}") = "GitDump", "GitDump\GitDump.csproj", "{C83EB21D-A8FC-4C9E-B03E-B8181626F8A4}"
EndProject
Global
	GlobalSection(SolutionConfigurationPlatforms) = preSolution
		Debug|Any CPU = Debug|Any CPU
		Release|Any CPU = Release|Any CPU
	EndGlobalSection
	GlobalSection(ProjectConfigurationPlatforms) = postSolution
		{C83EB21D-A8FC-4C9E-B03E-B8181626F8A4}.Debug|Any CPU.ActiveCfg = Debug|Any CPU
		{C83EB21D-A8FC-4C9E-B03E-B8181626F8A4}.Debug|Any CPU.Build.0 = Debug|Any CPU
		{C83EB21D-A8FC-4C9E-B03E-B8181626F8A4}.Release|Any CPU.ActiveCfg = Release|Any CPU
		{C83EB21D-A8FC-4C9E-B03E-B8181626F8A4}.Release|Any CPU.Build.0 = Release|Any CPU
	EndGlobalSection
	GlobalSection(SolutionProperties) = preSolution
		HideSolutionNode = FALSE
	EndGlobalSection
	GlobalSection(ExtensibilityGlobals) = postSolution
		SolutionGuid = {849F4B17-A055-4982-A254-E559B7123BE7}
	EndGlobalSection
EndGlobal
